
Microsoft Visual Studio Solution File, Format Version 12.00
# Visual Studio Version 16
VisualStudioVersion = 16.0.31229.75
MinimumVisualStudioVersion = 10.0.40219.1
Project("{8BC9CEB8-8B4A-11D0-8D11-00A0C91BC942}") = "ExplorerBgTool", "ExplorerBgTool\ExplorerBgTool.vcxproj", "{CA7C44D2-C31B-4903-8B0F-B118E6D5B997}"
EndProject
Project("{8BC9CEB8-8B4A-11D0-8D11-00A0C91BC942}") = "MToolLoader", "MToolLoader\MToolLoader.vcxproj", "{06CC9E6F-E64D-4DE7-B294-FD8270B692E8}"
EndProject
Global
	GlobalSection(SolutionConfigurationPlatforms) = preSolution
		Debug|Any CPU = Debug|Any CPU
		Debug|x64 = Debug|x64
		Debug|x86 = Debug|x86
		Release|Any CPU = Release|Any CPU
		Release|x64 = Release|x64
		Release|x86 = Release|x86
	EndGlobalSection
	GlobalSection(ProjectConfigurationPlatforms) = postSolution
		{CA7C44D2-C31B-4903-8B0F-B118E6D5B997}.Debug|Any CPU.ActiveCfg = Debug|Win32
		{CA7C44D2-C31B-4903-8B0F-B118E6D5B997}.Debug|x64.ActiveCfg = Debug|x64
		{CA7C44D2-C31B-4903-8B0F-B118E6D5B997}.Debug|x64.Build.0 = Debug|x64
		{CA7C44D2-C31B-4903-8B0F-B118E6D5B997}.Debug|x86.ActiveCfg = Debug|Win32
		{CA7C44D2-C31B-4903-8B0F-B118E6D5B997}.Debug|x86.Build.0 = Debug|Win32
		{CA7C44D2-C31B-4903-8B0F-B118E6D5B997}.Release|Any CPU.ActiveCfg = Release|Win32
		{CA7C44D2-C31B-4903-8B0F-B118E6D5B997}.Release|x64.ActiveCfg = Release|x64
		{CA7C44D2-C31B-4903-8B0F-B118E6D5B997}.Release|x64.Build.0 = Release|x64
		{CA7C44D2-C31B-4903-8B0F-B118E6D5B997}.Release|x86.ActiveCfg = Release|Win32
		{CA7C44D2-C31B-4903-8B0F-B118E6D5B997}.Release|x86.Build.0 = Release|Win32
		{06CC9E6F-E64D-4DE7-B294-FD8270B692E8}.Debug|Any CPU.ActiveCfg = Debug|Win32
		{06CC9E6F-E64D-4DE7-B294-FD8270B692E8}.Debug|x64.ActiveCfg = Debug|x64
		{06CC9E6F-E64D-4DE7-B294-FD8270B692E8}.Debug|x64.Build.0 = Debug|x64
		{06CC9E6F-E64D-4DE7-B294-FD8270B692E8}.Debug|x86.ActiveCfg = Debug|Win32
		{06CC9E6F-E64D-4DE7-B294-FD8270B692E8}.Debug|x86.Build.0 = Debug|Win32
		{06CC9E6F-E64D-4DE7-B294-FD8270B692E8}.Release|Any CPU.ActiveCfg = Release|Win32
		{06CC9E6F-E64D-4DE7-B294-FD8270B692E8}.Release|x64.ActiveCfg = Release|x64
		{06CC9E6F-E64D-4DE7-B294-FD8270B692E8}.Release|x64.Build.0 = Release|x64
		{06CC9E6F-E64D-4DE7-B294-FD8270B692E8}.Release|x86.ActiveCfg = Release|Win32
		{06CC9E6F-E64D-4DE7-B294-FD8270B692E8}.Release|x86.Build.0 = Release|Win32
	EndGlobalSection
	GlobalSection(SolutionProperties) = preSolution
		HideSolutionNode = FALSE
	EndGlobalSection
	GlobalSection(ExtensibilityGlobals) = postSolution
		SolutionGuid = {BAB6C003-F94A-48A0-AE34-700469E1AB44}
	EndGlobalSection
EndGlobal
